
Microsoft Visual Studio Solution File, Format Version 12.00
# Visual Studio 2012
Project("{FAE04EC0-301F-11D3-BF4B-00C04F79EFBC}") = "ADImageSync.Job", "TFS.ADImageSync.Job\ADImageSync.Job.csproj", "{10F425D1-5273-4C32-B0FE-48EA66576AA4}"
EndProject
Project("{2150E333-8FDC-42A3-9474-1A3956D46DE8}") = "Solution Items", "Solution Items", "{C6F06AC3-037A-4C20-BCD3-105A1E63F84E}"
	ProjectSection(SolutionItems) = preProject
		..\README.md = ..\README.md
		TFS.ADImageSync.sln.DotSettings = TFS.ADImageSync.sln.DotSettings
	EndProjectSection
EndProject
Project("{FAE04EC0-301F-11D3-BF4B-00C04F79EFBC}") = "ADImageSync.JobInstaller", "TFS.ADImageSync.JobInstaller\ADImageSync.JobInstaller.csproj", "{7404EBE5-18D4-489D-A826-24EC60B439DE}"
EndProject
Project("{FAE04EC0-301F-11D3-BF4B-00C04F79EFBC}") = "ADImageSync.Console", "ADImageSync.Console\ADImageSync.Console.csproj", "{830F8051-2BF3-4250-BB0B-C88897D7F361}"
EndProject
Global
	GlobalSection(SolutionConfigurationPlatforms) = preSolution
		Debug|Any CPU = Debug|Any CPU
		Release|Any CPU = Release|Any CPU
	EndGlobalSection
	GlobalSection(ProjectConfigurationPlatforms) = postSolution
		{10F425D1-5273-4C32-B0FE-48EA66576AA4}.Debug|Any CPU.ActiveCfg = Debug|Any CPU
		{10F425D1-5273-4C32-B0FE-48EA66576AA4}.Debug|Any CPU.Build.0 = Debug|Any CPU
		{10F425D1-5273-4C32-B0FE-48EA66576AA4}.Release|Any CPU.ActiveCfg = Release|Any CPU
		{10F425D1-5273-4C32-B0FE-48EA66576AA4}.Release|Any CPU.Build.0 = Release|Any CPU
		{7404EBE5-18D4-489D-A826-24EC60B439DE}.Debug|Any CPU.ActiveCfg = Debug|Any CPU
		{7404EBE5-18D4-489D-A826-24EC60B439DE}.Debug|Any CPU.Build.0 = Debug|Any CPU
		{7404EBE5-18D4-489D-A826-24EC60B439DE}.Release|Any CPU.ActiveCfg = Release|Any CPU
		{7404EBE5-18D4-489D-A826-24EC60B439DE}.Release|Any CPU.Build.0 = Release|Any CPU
		{830F8051-2BF3-4250-BB0B-C88897D7F361}.Debug|Any CPU.ActiveCfg = Debug|Any CPU
		{830F8051-2BF3-4250-BB0B-C88897D7F361}.Debug|Any CPU.Build.0 = Debug|Any CPU
		{830F8051-2BF3-4250-BB0B-C88897D7F361}.Release|Any CPU.ActiveCfg = Release|Any CPU
		{830F8051-2BF3-4250-BB0B-C88897D7F361}.Release|Any CPU.Build.0 = Release|Any CPU
	EndGlobalSection
	GlobalSection(SolutionProperties) = preSolution
		HideSolutionNode = FALSE
	EndGlobalSection
	GlobalSection(CodealikeProperties) = postSolution
		SolutionGuid = 4a595de0-a8d7-4a8d-982f-95e9453de104
	EndGlobalSection
EndGlobal
